
Microsoft Visual Studio Solution File, Format Version 12.00
# Visual Studio 14
VisualStudioVersion = 14.0.25420.1
MinimumVisualStudioVersion = 10.0.40219.1
Project("{8BC9CEB8-8B4A-11D0-8D11-00A0C91BC942}") = "Esercizio1", "Esercizio1\Esercizio1.vcxproj", "{9E9863FC-A6BF-42F0-8569-7E39EA19D781}"
EndProject
Project("{8BC9CEB8-8B4A-11D0-8D11-00A0C91BC942}") = "Esercizio2", "Esercizio2\Esercizio2.vcxproj", "{7234E208-C762-4719-80B8-766FFD6A52E9}"
EndProject
Project("{8BC9CEB8-8B4A-11D0-8D11-00A0C91BC942}") = "Esercizio3", "Esercizio3\Esercizio3.vcxproj", "{D77C8F38-8DCB-4FF4-8EA1-36D9268B028E}"
EndProject
Project("{8BC9CEB8-8B4A-11D0-8D11-00A0C91BC942}") = "Esercizio4", "Esercizio4\Esercizio4.vcxproj", "{B3A921F0-3702-448C-98BF-62D227480B1E}"
EndProject
Project("{8BC9CEB8-8B4A-11D0-8D11-00A0C91BC942}") = "Esercizio5", "Esercizio5\Esercizio5.vcxproj", "{55B87FCA-D7A8-4899-9121-5B67A42130BC}"
EndProject
Project("{8BC9CEB8-8B4A-11D0-8D11-00A0C91BC942}") = "Esercizio6", "Esercizio6\Esercizio6.vcxproj", "{726BEF1D-EBED-4495-A32C-6E8C0D0D2718}"
EndProject
Project("{8BC9CEB8-8B4A-11D0-8D11-00A0C91BC942}") = "Esercizio7", "Esercizio7\Esercizio7.vcxproj", "{156C2669-7539-4823-AA95-2D2C14E3D5C4}"
EndProject
Project("{8BC9CEB8-8B4A-11D0-8D11-00A0C91BC942}") = "Esercizio8", "Esercizio8\Esercizio8.vcxproj", "{974C18D6-F2CF-48F0-A5BD-E513DA914CD1}"
EndProject
Project("{8BC9CEB8-8B4A-11D0-8D11-00A0C91BC942}") = "Esercizio9", "Esercizio9\Esercizio9.vcxproj", "{8B95A29C-0EE5-4D71-9654-8C755F32EF08}"
EndProject
Project("{8BC9CEB8-8B4A-11D0-8D11-00A0C91BC942}") = "Esercizio10", "Esercizio10\Esercizio10.vcxproj", "{05484AF1-9E8D-4478-A932-D6CE6AE0C236}"
EndProject
Project("{8BC9CEB8-8B4A-11D0-8D11-00A0C91BC942}") = "Esercizio6-1", "Esercizio6-1\Esercizio6-1.vcxproj", "{1026132D-7ABE-4C80-8364-BE88A8F7C129}"
EndProject
Global
	GlobalSection(SolutionConfigurationPlatforms) = preSolution
		Debug|x64 = Debug|x64
		Debug|x86 = Debug|x86
		Release|x64 = Release|x64
		Release|x86 = Release|x86
	EndGlobalSection
	GlobalSection(ProjectConfigurationPlatforms) = postSolution
		{9E9863FC-A6BF-42F0-8569-7E39EA19D781}.Debug|x64.ActiveCfg = Debug|x64
		{9E9863FC-A6BF-42F0-8569-7E39EA19D781}.Debug|x64.Build.0 = Debug|x64
		{9E9863FC-A6BF-42F0-8569-7E39EA19D781}.Debug|x86.ActiveCfg = Debug|Win32
		{9E9863FC-A6BF-42F0-8569-7E39EA19D781}.Debug|x86.Build.0 = Debug|Win32
		{9E9863FC-A6BF-42F0-8569-7E39EA19D781}.Release|x64.ActiveCfg = Release|x64
		{9E9863FC-A6BF-42F0-8569-7E39EA19D781}.Release|x64.Build.0 = Release|x64
		{9E9863FC-A6BF-42F0-8569-7E39EA19D781}.Release|x86.ActiveCfg = Release|Win32
		{9E9863FC-A6BF-42F0-8569-7E39EA19D781}.Release|x86.Build.0 = Release|Win32
		{7234E208-C762-4719-80B8-766FFD6A52E9}.Debug|x64.ActiveCfg = Debug|x64
		{7234E208-C762-4719-80B8-766FFD6A52E9}.Debug|x64.Build.0 = Debug|x64
		{7234E208-C762-4719-80B8-766FFD6A52E9}.Debug|x86.ActiveCfg = Debug|Win32
		{7234E208-C762-4719-80B8-766FFD6A52E9}.Debug|x86.Build.0 = Debug|Win32
		{7234E208-C762-4719-80B8-766FFD6A52E9}.Release|x64.ActiveCfg = Release|x64
		{7234E208-C762-4719-80B8-766FFD6A52E9}.Release|x64.Build.0 = Release|x64
		{7234E208-C762-4719-80B8-766FFD6A52E9}.Release|x86.ActiveCfg = Release|Win32
		{7234E208-C762-4719-80B8-766FFD6A52E9}.Release|x86.Build.0 = Release|Win32
		{D77C8F38-8DCB-4FF4-8EA1-36D9268B028E}.Debug|x64.ActiveCfg = Debug|x64
		{D77C8F38-8DCB-4FF4-8EA1-36D9268B028E}.Debug|x64.Build.0 = Debug|x64
		{D77C8F38-8DCB-4FF4-8EA1-36D9268B028E}.Debug|x86.ActiveCfg = Debug|Win32
		{D77C8F38-8DCB-4FF4-8EA1-36D9268B028E}.Debug|x86.Build.0 = Debug|Win32
		{D77C8F38-8DCB-4FF4-8EA1-36D9268B028E}.Release|x64.ActiveCfg = Release|x64
		{D77C8F38-8DCB-4FF4-8EA1-36D9268B028E}.Release|x64.Build.0 = Release|x64
		{D77C8F38-8DCB-4FF4-8EA1-36D9268B028E}.Release|x86.ActiveCfg = Release|Win32
		{D77C8F38-8DCB-4FF4-8EA1-36D9268B028E}.Release|x86.Build.0 = Release|Win32
		{B3A921F0-3702-448C-98BF-62D227480B1E}.Debug|x64.ActiveCfg = Debug|x64
		{B3A921F0-3702-448C-98BF-62D227480B1E}.Debug|x64.Build.0 = Debug|x64
		{B3A921F0-3702-448C-98BF-62D227480B1E}.Debug|x86.ActiveCfg = Debug|Win32
		{B3A921F0-3702-448C-98BF-62D227480B1E}.Debug|x86.Build.0 = Debug|Win32
		{B3A921F0-3702-448C-98BF-62D227480B1E}.Release|x64.ActiveCfg = Release|x64
		{B3A921F0-3702-448C-98BF-62D227480B1E}.Release|x64.Build.0 = Release|x64
		{B3A921F0-3702-448C-98BF-62D227480B1E}.Release|x86.ActiveCfg = Release|Win32
		{B3A921F0-3702-448C-98BF-62D227480B1E}.Release|x86.Build.0 = Release|Win32
		{55B87FCA-D7A8-4899-9121-5B67A42130BC}.Debug|x64.ActiveCfg = Debug|x64
		{55B87FCA-D7A8-4899-9121-5B67A42130BC}.Debug|x64.Build.0 = Debug|x64
		{55B87FCA-D7A8-4899-9121-5B67A42130BC}.Debug|x86.ActiveCfg = Debug|Win32
		{55B87FCA-D7A8-4899-9121-5B67A42130BC}.Debug|x86.Build.0 = Debug|Win32
		{55B87FCA-D7A8-4899-9121-5B67A42130BC}.Release|x64.ActiveCfg = Release|x64
		{55B87FCA-D7A8-4899-9121-5B67A42130BC}.Release|x64.Build.0 = Release|x64
		{55B87FCA-D7A8-4899-9121-5B67A42130BC}.Release|x86.ActiveCfg = Release|Win32
		{55B87FCA-D7A8-4899-9121-5B67A42130BC}.Release|x86.Build.0 = Release|Win32
		{726BEF1D-EBED-4495-A32C-6E8C0D0D2718}.Debug|x64.ActiveCfg = Debug|x64
		{726BEF1D-EBED-4495-A32C-6E8C0D0D2718}.Debug|x64.Build.0 = Debug|x64
		{726BEF1D-EBED-4495-A32C-6E8C0D0D2718}.Debug|x86.ActiveCfg = Debug|Win32
		{726BEF1D-EBED-4495-A32C-6E8C0D0D2718}.Debug|x86.Build.0 = Debug|Win32
		{726BEF1D-EBED-4495-A32C-6E8C0D0D2718}.Release|x64.ActiveCfg = Release|x64
		{726BEF1D-EBED-4495-A32C-6E8C0D0D2718}.Release|x64.Build.0 = Release|x64
		{726BEF1D-EBED-4495-A32C-6E8C0D0D2718}.Release|x86.ActiveCfg = Release|Win32
		{726BEF1D-EBED-4495-A32C-6E8C0D0D2718}.Release|x86.Build.0 = Release|Win32
		{156C2669-7539-4823-AA95-2D2C14E3D5C4}.Debug|x64.ActiveCfg = Debug|x64
		{156C2669-7539-4823-AA95-2D2C14E3D5C4}.Debug|x64.Build.0 = Debug|x64
		{156C2669-7539-4823-AA95-2D2C14E3D5C4}.Debug|x86.ActiveCfg = Debug|Win32
		{156C2669-7539-4823-AA95-2D2C14E3D5C4}.Debug|x86.Build.0 = Debug|Win32
		{156C2669-7539-4823-AA95-2D2C14E3D5C4}.Release|x64.ActiveCfg = Release|x64
		{156C2669-7539-4823-AA95-2D2C14E3D5C4}.Release|x64.Build.0 = Release|x64
		{156C2669-7539-4823-AA95-2D2C14E3D5C4}.Release|x86.ActiveCfg = Release|Win32
		{156C2669-7539-4823-AA95-2D2C14E3D5C4}.Release|x86.Build.0 = Release|Win32
		{974C18D6-F2CF-48F0-A5BD-E513DA914CD1}.Debug|x64.ActiveCfg = Debug|x64
		{974C18D6-F2CF-48F0-A5BD-E513DA914CD1}.Debug|x64.Build.0 = Debug|x64
		{974C18D6-F2CF-48F0-A5BD-E513DA914CD1}.Debug|x86.ActiveCfg = Debug|Win32
		{974C18D6-F2CF-48F0-A5BD-E513DA914CD1}.Debug|x86.Build.0 = Debug|Win32
		{974C18D6-F2CF-48F0-A5BD-E513DA914CD1}.Release|x64.ActiveCfg = Release|x64
		{974C18D6-F2CF-48F0-A5BD-E513DA914CD1}.Release|x64.Build.0 = Release|x64
		{974C18D6-F2CF-48F0-A5BD-E513DA914CD1}.Release|x86.ActiveCfg = Release|Win32
		{974C18D6-F2CF-48F0-A5BD-E513DA914CD1}.Release|x86.Build.0 = Release|Win32
		{8B95A29C-0EE5-4D71-9654-8C755F32EF08}.Debug|x64.ActiveCfg = Debug|x64
		{8B95A29C-0EE5-4D71-9654-8C755F32EF08}.Debug|x64.Build.0 = Debug|x64
		{8B95A29C-0EE5-4D71-9654-8C755F32EF08}.Debug|x86.ActiveCfg = Debug|Win32
		{8B95A29C-0EE5-4D71-9654-8C755F32EF08}.Debug|x86.Build.0 = Debug|Win32
		{8B95A29C-0EE5-4D71-9654-8C755F32EF08}.Release|x64.ActiveCfg = Release|x64
		{8B95A29C-0EE5-4D71-9654-8C755F32EF08}.Release|x64.Build.0 = Release|x64
		{8B95A29C-0EE5-4D71-9654-8C755F32EF08}.Release|x86.ActiveCfg = Release|Win32
		{8B95A29C-0EE5-4D71-9654-8C755F32EF08}.Release|x86.Build.0 = Release|Win32
		{05484AF1-9E8D-4478-A932-D6CE6AE0C236}.Debug|x64.ActiveCfg = Debug|x64
		{05484AF1-9E8D-4478-A932-D6CE6AE0C236}.Debug|x64.Build.0 = Debug|x64
		{05484AF1-9E8D-4478-A932-D6CE6AE0C236}.Debug|x86.ActiveCfg = Debug|Win32
		{05484AF1-9E8D-4478-A932-D6CE6AE0C236}.Debug|x86.Build.0 = Debug|Win32
		{05484AF1-9E8D-4478-A932-D6CE6AE0C236}.Release|x64.ActiveCfg = Release|x64
		{05484AF1-9E8D-4478-A932-D6CE6AE0C236}.Release|x64.Build.0 = Release|x64
		{05484AF1-9E8D-4478-A932-D6CE6AE0C236}.Release|x86.ActiveCfg = Release|Win32
		{05484AF1-9E8D-4478-A932-D6CE6AE0C236}.Release|x86.Build.0 = Release|Win32
		{1026132D-7ABE-4C80-8364-BE88A8F7C129}.Debug|x64.ActiveCfg = Debug|x64
		{1026132D-7ABE-4C80-8364-BE88A8F7C129}.Debug|x64.Build.0 = Debug|x64
		{1026132D-7ABE-4C80-8364-BE88A8F7C129}.Debug|x86.ActiveCfg = Debug|Win32
		{1026132D-7ABE-4C80-8364-BE88A8F7C129}.Debug|x86.Build.0 = Debug|Win32
		{1026132D-7ABE-4C80-8364-BE88A8F7C129}.Release|x64.ActiveCfg = Release|x64
		{1026132D-7ABE-4C80-8364-BE88A8F7C129}.Release|x64.Build.0 = Release|x64
		{1026132D-7ABE-4C80-8364-BE88A8F7C129}.Release|x86.ActiveCfg = Release|Win32
		{1026132D-7ABE-4C80-8364-BE88A8F7C129}.Release|x86.Build.0 = Release|Win32
	EndGlobalSection
	GlobalSection(SolutionProperties) = preSolution
		HideSolutionNode = FALSE
	EndGlobalSection
EndGlobal
